
Microsoft Visual Studio Solution File, Format Version 12.00
# Visual Studio Version 17
VisualStudioVersion = 17.8.34330.188
MinimumVisualStudioVersion = 10.0.40219.1
Project("{2150E333-8FDC-42A3-9474-1A3956D46DE8}") = "nuget", "nuget", "{E3964F25-5E54-488A-AD29-918333B2BD88}"
	ProjectSection(SolutionItems) = preProject
		nuget\myget.bat = nuget\myget.bat
		nuget\nuget.bat = nuget\nuget.bat
		nuget\Transformalize.Provider.Ado.Autofac.nuspec = nuget\Transformalize.Provider.Ado.Autofac.nuspec
		nuget\Transformalize.Provider.Ado.nuspec = nuget\Transformalize.Provider.Ado.nuspec
		nuget\Transformalize.Transform.Ado.Autofac.nuspec = nuget\Transformalize.Transform.Ado.Autofac.nuspec
		nuget\Transformalize.Transform.Ado.nuspec = nuget\Transformalize.Transform.Ado.nuspec
	EndProjectSection
EndProject
Project("{2150E333-8FDC-42A3-9474-1A3956D46DE8}") = "Solution Items", "Solution Items", "{FFDA8880-D76E-4B3F-9BF4-A1998E6BD95B}"
	ProjectSection(SolutionItems) = preProject
		LICENSE = LICENSE
		README.md = README.md
	EndProjectSection
EndProject
Project("{9A19103F-16F7-4668-BE54-9A1E7A4F7556}") = "Benchmark", "src\Benchmark\Benchmark.csproj", "{4567DE73-3636-4DC1-9C36-E38D7A6E9263}"
EndProject
Project("{9A19103F-16F7-4668-BE54-9A1E7A4F7556}") = "Transformalize.Provider.Ado", "src\Transformalize.Provider.Ado\Transformalize.Provider.Ado.csproj", "{9D170910-70E7-4E0E-A1F5-34F51487CBD7}"
EndProject
Project("{9A19103F-16F7-4668-BE54-9A1E7A4F7556}") = "Transformalize.Provider.Ado.Autofac", "src\Transformalize.Provider.Ado.Autofac\Transformalize.Provider.Ado.Autofac.csproj", "{855BD608-0E9E-4162-B1B5-7969FB94462C}"
EndProject
Project("{9A19103F-16F7-4668-BE54-9A1E7A4F7556}") = "Transformalize.Transform.Ado.Autofac", "src\Transformalize.Transform.Ado.Autofac\Transformalize.Transform.Ado.Autofac.csproj", "{2C3173F7-CBCD-44A6-B499-0D18E2E80531}"
EndProject
Project("{9A19103F-16F7-4668-BE54-9A1E7A4F7556}") = "Transformalize.Transform.Ado", "src\Transformalize.Transform.Ado\Transformalize.Transform.Ado.csproj", "{50604AD9-7DBC-4B8B-9DF9-DE8A01AD28B3}"
EndProject
Project("{FAE04EC0-301F-11D3-BF4B-00C04F79EFBC}") = "Test.Unit.Core", "src\Test.Unit.Core\Test.Unit.Core.csproj", "{A5C5D1FC-BF65-4743-AE63-F3E1748F1F1B}"
EndProject
Global
	GlobalSection(SolutionConfigurationPlatforms) = preSolution
		Debug|Any CPU = Debug|Any CPU
		Release|Any CPU = Release|Any CPU
	EndGlobalSection
	GlobalSection(ProjectConfigurationPlatforms) = postSolution
		{4567DE73-3636-4DC1-9C36-E38D7A6E9263}.Debug|Any CPU.ActiveCfg = Debug|Any CPU
		{4567DE73-3636-4DC1-9C36-E38D7A6E9263}.Debug|Any CPU.Build.0 = Debug|Any CPU
		{4567DE73-3636-4DC1-9C36-E38D7A6E9263}.Release|Any CPU.ActiveCfg = Release|Any CPU
		{4567DE73-3636-4DC1-9C36-E38D7A6E9263}.Release|Any CPU.Build.0 = Release|Any CPU
		{9D170910-70E7-4E0E-A1F5-34F51487CBD7}.Debug|Any CPU.ActiveCfg = Debug|Any CPU
		{9D170910-70E7-4E0E-A1F5-34F51487CBD7}.Debug|Any CPU.Build.0 = Debug|Any CPU
		{9D170910-70E7-4E0E-A1F5-34F51487CBD7}.Release|Any CPU.ActiveCfg = Release|Any CPU
		{9D170910-70E7-4E0E-A1F5-34F51487CBD7}.Release|Any CPU.Build.0 = Release|Any CPU
		{855BD608-0E9E-4162-B1B5-7969FB94462C}.Debug|Any CPU.ActiveCfg = Debug|Any CPU
		{855BD608-0E9E-4162-B1B5-7969FB94462C}.Debug|Any CPU.Build.0 = Debug|Any CPU
		{855BD608-0E9E-4162-B1B5-7969FB94462C}.Release|Any CPU.ActiveCfg = Release|Any CPU
		{855BD608-0E9E-4162-B1B5-7969FB94462C}.Release|Any CPU.Build.0 = Release|Any CPU
		{2C3173F7-CBCD-44A6-B499-0D18E2E80531}.Debug|Any CPU.ActiveCfg = Debug|Any CPU
		{2C3173F7-CBCD-44A6-B499-0D18E2E80531}.Debug|Any CPU.Build.0 = Debug|Any CPU
		{2C3173F7-CBCD-44A6-B499-0D18E2E80531}.Release|Any CPU.ActiveCfg = Release|Any CPU
		{2C3173F7-CBCD-44A6-B499-0D18E2E80531}.Release|Any CPU.Build.0 = Release|Any CPU
		{50604AD9-7DBC-4B8B-9DF9-DE8A01AD28B3}.Debug|Any CPU.ActiveCfg = Debug|Any CPU
		{50604AD9-7DBC-4B8B-9DF9-DE8A01AD28B3}.Debug|Any CPU.Build.0 = Debug|Any CPU
		{50604AD9-7DBC-4B8B-9DF9-DE8A01AD28B3}.Release|Any CPU.ActiveCfg = Release|Any CPU
		{50604AD9-7DBC-4B8B-9DF9-DE8A01AD28B3}.Release|Any CPU.Build.0 = Release|Any CPU
		{A5C5D1FC-BF65-4743-AE63-F3E1748F1F1B}.Debug|Any CPU.ActiveCfg = Debug|Any CPU
		{A5C5D1FC-BF65-4743-AE63-F3E1748F1F1B}.Debug|Any CPU.Build.0 = Debug|Any CPU
		{A5C5D1FC-BF65-4743-AE63-F3E1748F1F1B}.Release|Any CPU.ActiveCfg = Release|Any CPU
		{A5C5D1FC-BF65-4743-AE63-F3E1748F1F1B}.Release|Any CPU.Build.0 = Release|Any CPU
	EndGlobalSection
	GlobalSection(SolutionProperties) = preSolution
		HideSolutionNode = FALSE
	EndGlobalSection
	GlobalSection(ExtensibilityGlobals) = postSolution
		SolutionGuid = {A9DA9C8F-35A4-4103-964D-E037BC652B20}
	EndGlobalSection
EndGlobal
